
Microsoft Visual Studio Solution File, Format Version 12.00
# Visual Studio 2013
VisualStudioVersion = 12.0.31101.0
MinimumVisualStudioVersion = 10.0.40219.1
Project("{FAE04EC0-301F-11D3-BF4B-00C04F79EFBC}") = "Blog", "Blog\Blog.csproj", "{C61EA05E-EFD9-4813-A6CE-23618EF8161C}"
EndProject
Global
	GlobalSection(SolutionConfigurationPlatforms) = preSolution
		Debug|Any CPU = Debug|Any CPU
		Release|Any CPU = Release|Any CPU
	EndGlobalSection
	GlobalSection(ProjectConfigurationPlatforms) = postSolution
		{C61EA05E-EFD9-4813-A6CE-23618EF8161C}.Debug|Any CPU.ActiveCfg = Debug|Any CPU
		{C61EA05E-EFD9-4813-A6CE-23618EF8161C}.Debug|Any CPU.Build.0 = Debug|Any CPU
		{C61EA05E-EFD9-4813-A6CE-23618EF8161C}.Release|Any CPU.ActiveCfg = Release|Any CPU
		{C61EA05E-EFD9-4813-A6CE-23618EF8161C}.Release|Any CPU.Build.0 = Release|Any CPU
	EndGlobalSection
	GlobalSection(SolutionProperties) = preSolution
		HideSolutionNode = FALSE
	EndGlobalSection
EndGlobal
